
Microsoft Visual Studio Solution File, Format Version 12.00
# Visual Studio Version 16
VisualStudioVersion = 16.0.30804.86
MinimumVisualStudioVersion = 10.0.40219.1
Project("{9A19103F-16F7-4668-BE54-9A1E7A4F7556}") = "API.CORE", "API.CORE\API.CORE.csproj", "{61A1E600-2149-49E1-A8E9-7CF75E624E2B}"
EndProject
Project("{FAE04EC0-301F-11D3-BF4B-00C04F79EFBC}") = "API.CORE.DOMAIN", "API.CORE.DOMAIN\API.CORE.DOMAIN.csproj", "{1599C2D2-BD09-4238-A8E3-B55DDD535C30}"
EndProject
Project("{FAE04EC0-301F-11D3-BF4B-00C04F79EFBC}") = "API.CORE.DOMAIN.Test", "API.CORE.DOMAIN.Test\API.CORE.DOMAIN.Test.csproj", "{00534D9A-CFCD-4CBE-B552-7441DAA6044A}"
EndProject
Global
	GlobalSection(SolutionConfigurationPlatforms) = preSolution
		Debug|Any CPU = Debug|Any CPU
		Release|Any CPU = Release|Any CPU
	EndGlobalSection
	GlobalSection(ProjectConfigurationPlatforms) = postSolution
		{61A1E600-2149-49E1-A8E9-7CF75E624E2B}.Debug|Any CPU.ActiveCfg = Debug|Any CPU
		{61A1E600-2149-49E1-A8E9-7CF75E624E2B}.Debug|Any CPU.Build.0 = Debug|Any CPU
		{61A1E600-2149-49E1-A8E9-7CF75E624E2B}.Release|Any CPU.ActiveCfg = Release|Any CPU
		{61A1E600-2149-49E1-A8E9-7CF75E624E2B}.Release|Any CPU.Build.0 = Release|Any CPU
		{1599C2D2-BD09-4238-A8E3-B55DDD535C30}.Debug|Any CPU.ActiveCfg = Debug|Any CPU
		{1599C2D2-BD09-4238-A8E3-B55DDD535C30}.Debug|Any CPU.Build.0 = Debug|Any CPU
		{1599C2D2-BD09-4238-A8E3-B55DDD535C30}.Release|Any CPU.ActiveCfg = Release|Any CPU
		{1599C2D2-BD09-4238-A8E3-B55DDD535C30}.Release|Any CPU.Build.0 = Release|Any CPU
		{00534D9A-CFCD-4CBE-B552-7441DAA6044A}.Debug|Any CPU.ActiveCfg = Debug|Any CPU
		{00534D9A-CFCD-4CBE-B552-7441DAA6044A}.Debug|Any CPU.Build.0 = Debug|Any CPU
		{00534D9A-CFCD-4CBE-B552-7441DAA6044A}.Release|Any CPU.ActiveCfg = Release|Any CPU
		{00534D9A-CFCD-4CBE-B552-7441DAA6044A}.Release|Any CPU.Build.0 = Release|Any CPU
	EndGlobalSection
	GlobalSection(SolutionProperties) = preSolution
		HideSolutionNode = FALSE
	EndGlobalSection
	GlobalSection(ExtensibilityGlobals) = postSolution
		SolutionGuid = {4F7AACA9-470A-450B-9668-346B0A1AA2DA}
	EndGlobalSection
EndGlobal
